# This file is automatically @generated by Cargo.
# It is not intended for manual editing.
version = 4

[[package]]
name = "egeria-adapter-zeroclaw"
version = "0.1.0"

[[package]]
name = "egeria-alloy"
version = "0.1.0"

[[package]]
name = "egeria-analysis"
version = "0.1.0"

[[package]]
name = "egeria-cli"
version = "0.1.0"

[[package]]
name = "egeria-compiler"
version = "0.1.0"

[[package]]
name = "egeria-ir"
version = "0.1.0"

[[package]]
name = "xtask"
version = "0.1.0"
